
Microsoft Visual Studio Solution File, Format Version 12.00
# Visual Studio Version 17
VisualStudioVersion = 17.8.34309.116
MinimumVisualStudioVersion = 10.0.40219.1
Project("{FAE04EC0-301F-11D3-BF4B-00C04F79EFBC}") = "MyPages1", "MyPages1.csproj", "{6745810E-2F2C-41FE-B1D2-C40636370EE3}"
EndProject
Global
	GlobalSection(SolutionConfigurationPlatforms) = preSolution
		Debug|Any CPU = Debug|Any CPU
		Release|Any CPU = Release|Any CPU
	EndGlobalSection
	GlobalSection(ProjectConfigurationPlatforms) = postSolution
		{6745810E-2F2C-41FE-B1D2-C40636370EE3}.Debug|Any CPU.ActiveCfg = Debug|Any CPU
		{6745810E-2F2C-41FE-B1D2-C40636370EE3}.Debug|Any CPU.Build.0 = Debug|Any CPU
		{6745810E-2F2C-41FE-B1D2-C40636370EE3}.Debug|Any CPU.Deploy.0 = Debug|Any CPU
		{6745810E-2F2C-41FE-B1D2-C40636370EE3}.Release|Any CPU.ActiveCfg = Release|Any CPU
		{6745810E-2F2C-41FE-B1D2-C40636370EE3}.Release|Any CPU.Build.0 = Release|Any CPU
		{6745810E-2F2C-41FE-B1D2-C40636370EE3}.Release|Any CPU.Deploy.0 = Release|Any CPU
	EndGlobalSection
	GlobalSection(SolutionProperties) = preSolution
		HideSolutionNode = FALSE
	EndGlobalSection
	GlobalSection(ExtensibilityGlobals) = postSolution
		SolutionGuid = {6D16ECDD-FA5E-4FEA-A0BF-7865BFB736FE}
	EndGlobalSection
EndGlobal
